// !$*UTF8*$!
{
	archiveVersion = 1;
	classes = {
	};
	objectVersion = 46;
	objects = {

/* Begin PBXBuildFile section */
		EDC306511DB4E8AB008E4B8A /* main.m in Sources */ = {isa = PBXBuildFile; fileRef = EDC306501DB4E8AB008E4B8A /* main.m */; };
		EDC306541DB4E8AB008E4B8A /* AppDelegate.m in Sources */ = {isa = PBXBuildFile; fileRef = EDC306531DB4E8AB008E4B8A /* AppDelegate.m */; };
		EDC306571DB4E8AB008E4B8A /* ViewController.m in Sources */ = {isa = PBXBuildFile; fileRef = EDC306561DB4E8AB008E4B8A /* ViewController.m */; };
		EDC3065A1DB4E8AB008E4B8A /* Main.storyboard in Resources */ = {isa = PBXBuildFile; fileRef = EDC306581DB4E8AB008E4B8A /* Main.storyboard */; };
		EDC3065C1DB4E8AB008E4B8A /* Assets.xcassets in Resources */ = {isa = PBXBuildFile; fileRef = EDC3065B1DB4E8AB008E4B8A /* Assets.xcassets */; };
		EDC3065F1DB4E8AB008E4B8A /* LaunchScreen.storyboard in Resources */ = {isa = PBXBuildFile; fileRef = EDC3065D1DB4E8AB008E4B8A /* LaunchScreen.storyboard */; };
		EDC306681DB4E93C008E4B8A /* PCManager.m in Sources */ = {isa = PBXBuildFile; fileRef = EDC306671DB4E93C008E4B8A /* PCManager.m */; };
		EDC3066B1DB4E9BA008E4B8A /* PCAppLocationViewController.m in Sources */ = {isa = PBXBuildFile; fileRef = EDC3066A1DB4E9BA008E4B8A /* PCAppLocationViewController.m */; };
		EDC3066D1DB4EA97008E4B8A /* IMG_0102.mp4 in Resources */ = {isa = PBXBuildFile; fileRef = EDC3066C1DB4EA97008E4B8A /* IMG_0102.mp4 */; };
		EDC306711DB4F847008E4B8A /* CloudKit.framework in Frameworks */ = {isa = PBXBuildFile; fileRef = EDC306701DB4F847008E4B8A /* CloudKit.framework */; };
		EDC306741DB5008D008E4B8A /* PCUserProfileViewController.m in Sources */ = {isa = PBXBuildFile; fileRef = EDC306731DB5008D008E4B8A /* PCUserProfileViewController.m */; };
/* End PBXBuildFile section */

/* Begin PBXFileReference section */
		EDC3064C1DB4E8AB008E4B8A /* ProjectCookie.app */ = {isa = PBXFileReference; explicitFileType = wrapper.application; includeInIndex = 0; path = ProjectCookie.app; sourceTree = BUILT_PRODUCTS_DIR; };
		EDC306501DB4E8AB008E4B8A /* main.m */ = {isa = PBXFileReference; lastKnownFileType = sourcecode.c.objc; path = main.m; sourceTree = "<group>"; };
		EDC306521DB4E8AB008E4B8A /* AppDelegate.h */ = {isa = PBXFileReference; lastKnownFileType = sourcecode.c.h; path = AppDelegate.h; sourceTree = "<group>"; };
		EDC306531DB4E8AB008E4B8A /* AppDelegate.m */ = {isa = PBXFileReference; lastKnownFileType = sourcecode.c.objc; path = AppDelegate.m; sourceTree = "<group>"; };
		EDC306551DB4E8AB008E4B8A /* ViewController.h */ = {isa = PBXFileReference; lastKnownFileType = sourcecode.c.h; path = ViewController.h; sourceTree = "<group>"; };
		EDC306561DB4E8AB008E4B8A /* ViewController.m */ = {isa = PBXFileReference; lastKnownFileType = sourcecode.c.objc; path = ViewController.m; sourceTree = "<group>"; };
		EDC306591DB4E8AB008E4B8A /* Base */ = {isa = PBXFileReference; lastKnownFileType = file.storyboard; name = Base; path = Base.lproj/Main.storyboard; sourceTree = "<group>"; };
		EDC3065B1DB4E8AB008E4B8A /* Assets.xcassets */ = {isa = PBXFileReference; lastKnownFileType = folder.assetcatalog; path = Assets.xcassets; sourceTree = "<group>"; };
		EDC3065E1DB4E8AB008E4B8A /* Base */ = {isa = PBXFileReference; lastKnownFileType = file.storyboard; name = Base; path = Base.lproj/LaunchScreen.storyboard; sourceTree = "<group>"; };
		EDC306601DB4E8AB008E4B8A /* Info.plist */ = {isa = PBXFileReference; lastKnownFileType = text.plist.xml; path = Info.plist; sourceTree = "<group>"; };
		EDC306661DB4E93C008E4B8A /* PCManager.h */ = {isa = PBXFileReference; fileEncoding = 4; lastKnownFileType = sourcecode.c.h; path = PCManager.h; sourceTree = "<group>"; };
		EDC306671DB4E93C008E4B8A /* PCManager.m */ = {isa = PBXFileReference; fileEncoding = 4; lastKnownFileType = sourcecode.c.objc; path = PCManager.m; sourceTree = "<group>"; };
		EDC306691DB4E9BA008E4B8A /* PCAppLocationViewController.h */ = {isa = PBXFileReference; fileEncoding = 4; lastKnownFileType = sourcecode.c.h; path = PCAppLocationViewController.h; sourceTree = "<group>"; };
		EDC3066A1DB4E9BA008E4B8A /* PCAppLocationViewController.m */ = {isa = PBXFileReference; fileEncoding = 4; lastKnownFileType = sourcecode.c.objc; path = PCAppLocationViewController.m; sourceTree = "<group>"; };
		EDC3066C1DB4EA97008E4B8A /* IMG_0102.mp4 */ = {isa = PBXFileReference; lastKnownFileType = file; path = IMG_0102.mp4; sourceTree = "<group>"; };
		EDC3066E1DB4F83A008E4B8A /* ProjectCookie.entitlements */ = {isa = PBXFileReference; lastKnownFileType = text.plist.entitlements; path = ProjectCookie.entitlements; sourceTree = "<group>"; };
		EDC306701DB4F847008E4B8A /* CloudKit.framework */ = {isa = PBXFileReference; lastKnownFileType = wrapper.framework; name = CloudKit.framework; path = System/Library/Frameworks/CloudKit.framework; sourceTree = SDKROOT; };
		EDC306721DB5008D008E4B8A /* PCUserProfileViewController.h */ = {isa = PBXFileReference; fileEncoding = 4; lastKnownFileType = sourcecode.c.h; path = PCUserProfileViewController.h; sourceTree = "<group>"; };
		EDC306731DB5008D008E4B8A /* PCUserProfileViewController.m */ = {isa = PBXFileReference; fileEncoding = 4; lastKnownFileType = sourcecode.c.objc; path = PCUserProfileViewController.m; sourceTree = "<group>"; };
/* End PBXFileReference section */

/* Begin PBXFrameworksBuildPhase section */
		EDC306491DB4E8AB008E4B8A /* Frameworks */ = {
			isa = PBXFrameworksBuildPhase;
			buildActionMask = 2147483647;
			files = (
				EDC306711DB4F847008E4B8A /* CloudKit.framework in Frameworks */,
			);
			runOnlyForDeploymentPostprocessing = 0;
		};
/* End PBXFrameworksBuildPhase section */

/* Begin PBXGroup section */
		EDC306431DB4E8AB008E4B8A = {
			isa = PBXGroup;
			children = (
				EDC3064E1DB4E8AB008E4B8A /* ProjectCookie */,
				EDC3064D1DB4E8AB008E4B8A /* Products */,
				EDC3066F1DB4F847008E4B8A /* Frameworks */,
			);
			sourceTree = "<group>";
		};
		EDC3064D1DB4E8AB008E4B8A /* Products */ = {
			isa = PBXGroup;
			children = (
				EDC3064C1DB4E8AB008E4B8A /* ProjectCookie.app */,
			);
			name = Products;
			sourceTree = "<group>";
		};
		EDC3064E1DB4E8AB008E4B8A /* ProjectCookie */ = {
			isa = PBXGroup;
			children = (
				EDC3066E1DB4F83A008E4B8A /* ProjectCookie.entitlements */,
				EDC306521DB4E8AB008E4B8A /* AppDelegate.h */,
				EDC306531DB4E8AB008E4B8A /* AppDelegate.m */,
				EDC306661DB4E93C008E4B8A /* PCManager.h */,
				EDC306671DB4E93C008E4B8A /* PCManager.m */,
				EDC306551DB4E8AB008E4B8A /* ViewController.h */,
				EDC306561DB4E8AB008E4B8A /* ViewController.m */,
				EDC306691DB4E9BA008E4B8A /* PCAppLocationViewController.h */,
				EDC3066A1DB4E9BA008E4B8A /* PCAppLocationViewController.m */,
				EDC306721DB5008D008E4B8A /* PCUserProfileViewController.h */,
				EDC306731DB5008D008E4B8A /* PCUserProfileViewController.m */,
				EDC306581DB4E8AB008E4B8A /* Main.storyboard */,
				EDC3065B1DB4E8AB008E4B8A /* Assets.xcassets */,
				EDC3065D1DB4E8AB008E4B8A /* LaunchScreen.storyboard */,
				EDC306601DB4E8AB008E4B8A /* Info.plist */,
				EDC3066C1DB4EA97008E4B8A /* IMG_0102.mp4 */,
				EDC3064F1DB4E8AB008E4B8A /* Supporting Files */,
			);
			path = ProjectCookie;
			sourceTree = "<group>";
		};
		EDC3064F1DB4E8AB008E4B8A /* Supporting Files */ = {
			isa = PBXGroup;
			children = (
				EDC306501DB4E8AB008E4B8A /* main.m */,
			);
			name = "Supporting Files";
			sourceTree = "<group>";
		};
		EDC3066F1DB4F847008E4B8A /* Frameworks */ = {
			isa = PBXGroup;
			children = (
				EDC306701DB4F847008E4B8A /* CloudKit.framework */,
			);
			name = Frameworks;
			sourceTree = "<group>";
		};
/* End PBXGroup section */

/* Begin PBXNativeTarget section */
		EDC3064B1DB4E8AB008E4B8A /* ProjectCookie */ = {
			isa = PBXNativeTarget;
			buildConfigurationList = EDC306631DB4E8AB008E4B8A /* Build configuration list for PBXNativeTarget "ProjectCookie" */;
			buildPhases = (
				EDC306481DB4E8AB008E4B8A /* Sources */,
				EDC306491DB4E8AB008E4B8A /* Frameworks */,
				EDC3064A1DB4E8AB008E4B8A /* Resources */,
			);
			buildRules = (
			);
			dependencies = (
			);
			name = ProjectCookie;
			productName = ProjectCookie;
			productReference = EDC3064C1DB4E8AB008E4B8A /* ProjectCookie.app */;
			productType = "com.apple.product-type.application";
		};
/* End PBXNativeTarget section */

/* Begin PBXProject section */
		EDC306441DB4E8AB008E4B8A /* Project object */ = {
			isa = PBXProject;
			attributes = {
				LastUpgradeCheck = 0800;
				ORGANIZATIONNAME = "Abbin Varghese";
				TargetAttributes = {
					EDC3064B1DB4E8AB008E4B8A = {
						CreatedOnToolsVersion = 8.0;
						DevelopmentTeam = EDXP6Y48QS;
						ProvisioningStyle = Automatic;
						SystemCapabilities = {
							com.apple.Push = {
								enabled = 1;
							};
							com.apple.iCloud = {
								enabled = 1;
							};
						};
					};
				};
			};
			buildConfigurationList = EDC306471DB4E8AB008E4B8A /* Build configuration list for PBXProject "ProjectCookie" */;
			compatibilityVersion = "Xcode 3.2";
			developmentRegion = English;
			hasScannedForEncodings = 0;
			knownRegions = (
				en,
				Base,
			);
			mainGroup = EDC306431DB4E8AB008E4B8A;
			productRefGroup = EDC3064D1DB4E8AB008E4B8A /* Products */;
			projectDirPath = "";
			projectRoot = "";
			targets = (
				EDC3064B1DB4E8AB008E4B8A /* ProjectCookie */,
			);
		};
/* End PBXProject section */

/* Begin PBXResourcesBuildPhase section */
		EDC3064A1DB4E8AB008E4B8A /* Resources */ = {
			isa = PBXResourcesBuildPhase;
			buildActionMask = 2147483647;
			files = (
				EDC3065F1DB4E8AB008E4B8A /* LaunchScreen.storyboard in Resources */,
				EDC3065C1DB4E8AB008E4B8A /* Assets.xcassets in Resources */,
				EDC3066D1DB4EA97008E4B8A /* IMG_0102.mp4 in Resources */,
				EDC3065A1DB4E8AB008E4B8A /* Main.storyboard in Resources */,
			);
			runOnlyForDeploymentPostprocessing = 0;
		};
/* End PBXResourcesBuildPhase section */

/* Begin PBXSourcesBuildPhase section */
		EDC306481DB4E8AB008E4B8A /* Sources */ = {
			isa = PBXSourcesBuildPhase;
			buildActionMask = 2147483647;
			files = (
				EDC306681DB4E93C008E4B8A /* PCManager.m in Sources */,
				EDC306571DB4E8AB008E4B8A /* ViewController.m in Sources */,
				EDC306541DB4E8AB008E4B8A /* AppDelegate.m in Sources */,
				EDC3066B1DB4E9BA008E4B8A /* PCAppLocationViewController.m in Sources */,
				EDC306741DB5008D008E4B8A /* PCUserProfileViewController.m in Sources */,
				EDC306511DB4E8AB008E4B8A /* main.m in Sources */,
			);
			runOnlyForDeploymentPostprocessing = 0;
		};
/* End PBXSourcesBuildPhase section */

/* Begin PBXVariantGroup section */
		EDC306581DB4E8AB008E4B8A /* Main.storyboard */ = {
			isa = PBXVariantGroup;
			children = (
				EDC306591DB4E8AB008E4B8A /* Base */,
			);
			name = Main.storyboard;
			sourceTree = "<group>";
		};
		EDC3065D1DB4E8AB008E4B8A /* LaunchScreen.storyboard */ = {
			isa = PBXVariantGroup;
			children = (
				EDC3065E1DB4E8AB008E4B8A /* Base */,
			);
			name = LaunchScreen.storyboard;
			sourceTree = "<group>";
		};
/* End PBXVariantGroup section */

/* Begin XCBuildConfiguration section */
		EDC306611DB4E8AB008E4B8A /* Debug */ = {
			isa = XCBuildConfiguration;
			buildSettings = {
				ALWAYS_SEARCH_USER_PATHS = NO;
				CLANG_ANALYZER_NONNULL = YES;
				CLANG_CXX_LANGUAGE_STANDARD = "gnu++0x";
				CLANG_CXX_LIBRARY = "libc++";
				CLANG_ENABLE_MODULES = YES;
				CLANG_ENABLE_OBJC_ARC = YES;
				CLANG_WARN_BOOL_CONVERSION = YES;
				CLANG_WARN_CONSTANT_CONVERSION = YES;
				CLANG_WARN_DIRECT_OBJC_ISA_USAGE = YES_ERROR;
				CLANG_WARN_DOCUMENTATION_COMMENTS = YES;
				CLANG_WARN_EMPTY_BODY = YES;
				CLANG_WARN_ENUM_CONVERSION = YES;
				CLANG_WARN_INFINITE_RECURSION = YES;
				CLANG_WARN_INT_CONVERSION = YES;
				CLANG_WARN_OBJC_ROOT_CLASS = YES_ERROR;
				CLANG_WARN_SUSPICIOUS_MOVES = YES;
				CLANG_WARN_UNREACHABLE_CODE = YES;
				CLANG_WARN__DUPLICATE_METHOD_MATCH = YES;
				"CODE_SIGN_IDENTITY[sdk=iphoneos*]" = "iPhone Developer";
				COPY_PHASE_STRIP = NO;
				DEBUG_INFORMATION_FORMAT = dwarf;
				ENABLE_STRICT_OBJC_MSGSEND = YES;
				ENABLE_TESTABILITY = YES;
				GCC_C_LANGUAGE_STANDARD = gnu99;
				GCC_DYNAMIC_NO_PIC = NO;
				GCC_NO_COMMON_BLOCKS = YES;
				GCC_OPTIMIZATION_LEVEL = 0;
				GCC_PREPROCESSOR_DEFINITIONS = (
					"DEBUG=1",
					"$(inherited)",
				);
				GCC_WARN_64_TO_32_BIT_CONVERSION = YES;
				GCC_WARN_ABOUT_RETURN_TYPE = YES_ERROR;
				GCC_WARN_UNDECLARED_SELECTOR = YES;
				GCC_WARN_UNINITIALIZED_AUTOS = YES_AGGRESSIVE;
				GCC_WARN_UNUSED_FUNCTION = YES;
				GCC_WARN_UNUSED_VARIABLE = YES;
				IPHONEOS_DEPLOYMENT_TARGET = 10.0;
				MTL_ENABLE_DEBUG_INFO = YES;
				ONLY_ACTIVE_ARCH = YES;
				SDKROOT = iphoneos;
			};
			name = Debug;
		};
		EDC306621DB4E8AB008E4B8A /* Release */ = {
			isa = XCBuildConfiguration;
			buildSettings = {
				ALWAYS_SEARCH_USER_PATHS = NO;
				CLANG_ANALYZER_NONNULL = YES;
				CLANG_CXX_LANGUAGE_STANDARD = "gnu++0x";
				CLANG_CXX_LIBRARY = "libc++";
				CLANG_ENABLE_MODULES = YES;
				CLANG_ENABLE_OBJC_ARC = YES;
				CLANG_WARN_BOOL_CONVERSION = YES;
				CLANG_WARN_CONSTANT_CONVERSION = YES;
				CLANG_WARN_DIRECT_OBJC_ISA_USAGE = YES_ERROR;
				CLANG_WARN_DOCUMENTATION_COMMENTS = YES;
				CLANG_WARN_EMPTY_BODY = YES;
				CLANG_WARN_ENUM_CONVERSION = YES;
				CLANG_WARN_INFINITE_RECURSION = YES;
				CLANG_WARN_INT_CONVERSION = YES;
				CLANG_WARN_OBJC_ROOT_CLASS = YES_ERROR;
				CLANG_WARN_SUSPICIOUS_MOVES = YES;
				CLANG_WARN_UNREACHABLE_CODE = YES;
				CLANG_WARN__DUPLICATE_METHOD_MATCH = YES;
				"CODE_SIGN_IDENTITY[sdk=iphoneos*]" = "iPhone Developer";
				COPY_PHASE_STRIP = NO;
				DEBUG_INFORMATION_FORMAT = "dwarf-with-dsym";
				ENABLE_NS_ASSERTIONS = NO;
				ENABLE_STRICT_OBJC_MSGSEND = YES;
				GCC_C_LANGUAGE_STANDARD = gnu99;
				GCC_NO_COMMON_BLOCKS = YES;
				GCC_WARN_64_TO_32_BIT_CONVERSION = YES;
				GCC_WARN_ABOUT_RETURN_TYPE = YES_ERROR;
				GCC_WARN_UNDECLARED_SELECTOR = YES;
				GCC_WARN_UNINITIALIZED_AUTOS = YES_AGGRESSIVE;
				GCC_WARN_UNUSED_FUNCTION = YES;
				GCC_WARN_UNUSED_VARIABLE = YES;
				IPHONEOS_DEPLOYMENT_TARGET = 10.0;
				MTL_ENABLE_DEBUG_INFO = NO;
				SDKROOT = iphoneos;
				VALIDATE_PRODUCT = YES;
			};
			name = Release;
		};
		EDC306641DB4E8AB008E4B8A /* Debug */ = {
			isa = XCBuildConfiguration;
			buildSettings = {
				ASSETCATALOG_COMPILER_APPICON_NAME = AppIcon;
				CODE_SIGN_ENTITLEMENTS = ProjectCookie/ProjectCookie.entitlements;
				DEVELOPMENT_TEAM = EDXP6Y48QS;
				INFOPLIST_FILE = ProjectCookie/Info.plist;
				IPHONEOS_DEPLOYMENT_TARGET = 9.0;
				LD_RUNPATH_SEARCH_PATHS = "$(inherited) @executable_path/Frameworks";
				PRODUCT_BUNDLE_IDENTIFIER = com.abbinvarghese.ProjectCookie;
				PRODUCT_NAME = "$(TARGET_NAME)";
			};
			name = Debug;
		};
		EDC306651DB4E8AB008E4B8A /* Release */ = {
			isa = XCBuildConfiguration;
			buildSettings = {
				ASSETCATALOG_COMPILER_APPICON_NAME = AppIcon;
				CODE_SIGN_ENTITLEMENTS = ProjectCookie/ProjectCookie.entitlements;
				DEVELOPMENT_TEAM = EDXP6Y48QS;
				INFOPLIST_FILE = ProjectCookie/Info.plist;
				IPHONEOS_DEPLOYMENT_TARGET = 9.0;
				LD_RUNPATH_SEARCH_PATHS = "$(inherited) @executable_path/Frameworks";
				PRODUCT_BUNDLE_IDENTIFIER = com.abbinvarghese.ProjectCookie;
				PRODUCT_NAME = "$(TARGET_NAME)";
			};
			name = Release;
		};
/* End XCBuildConfiguration section */

/* Begin XCConfigurationList section */
		EDC306471DB4E8AB008E4B8A /* Build configuration list for PBXProject "ProjectCookie" */ = {
			isa = XCConfigurationList;
			buildConfigurations = (
				EDC306611DB4E8AB008E4B8A /* Debug */,
				EDC306621DB4E8AB008E4B8A /* Release */,
			);
			defaultConfigurationIsVisible = 0;
			defaultConfigurationName = Release;
		};
		EDC306631DB4E8AB008E4B8A /* Build configuration list for PBXNativeTarget "ProjectCookie" */ = {
			isa = XCConfigurationList;
			buildConfigurations = (
				EDC306641DB4E8AB008E4B8A /* Debug */,
				EDC306651DB4E8AB008E4B8A /* Release */,
			);
			defaultConfigurationIsVisible = 0;
		};
/* End XCConfigurationList section */
	};
	rootObject = EDC306441DB4E8AB008E4B8A /* Project object */;
}
